// !$*UTF8*$!
{
	archiveVersion = 1;
	classes = {
	};
	objectVersion = 46;
	objects = {

/* Begin PBXBuildFile section */
		182BC9C91BB59E1200DDBBA7 /* AppDelegate.swift in Sources */ = {isa = PBXBuildFile; fileRef = 182BC9C81BB59E1200DDBBA7 /* AppDelegate.swift */; };
		182BC9CB1BB59E1200DDBBA7 /* ViewController.swift in Sources */ = {isa = PBXBuildFile; fileRef = 182BC9CA1BB59E1200DDBBA7 /* ViewController.swift */; };
		182BC9CE1BB59E1200DDBBA7 /* Main.storyboard in Resources */ = {isa = PBXBuildFile; fileRef = 182BC9CC1BB59E1200DDBBA7 /* Main.storyboard */; };
		182BC9D01BB59E1200DDBBA7 /* Images.xcassets in Resources */ = {isa = PBXBuildFile; fileRef = 182BC9CF1BB59E1200DDBBA7 /* Images.xcassets */; };
		182BC9D31BB59E1200DDBBA7 /* LaunchScreen.xib in Resources */ = {isa = PBXBuildFile; fileRef = 182BC9D11BB59E1200DDBBA7 /* LaunchScreen.xib */; };
		182BC9DF1BB59E1200DDBBA7 /* L11HelloIOSTests.swift in Sources */ = {isa = PBXBuildFile; fileRef = 182BC9DE1BB59E1200DDBBA7 /* L11HelloIOSTests.swift */; };
/* End PBXBuildFile section */

/* Begin PBXContainerItemProxy section */
		182BC9D91BB59E1200DDBBA7 /* PBXContainerItemProxy */ = {
			isa = PBXContainerItemProxy;
			containerPortal = 182BC9BB1BB59E1200DDBBA7 /* Project object */;
			proxyType = 1;
			remoteGlobalIDString = 182BC9C21BB59E1200DDBBA7;
			remoteInfo = L11HelloIOS;
		};
/* End PBXContainerItemProxy section */

/* Begin PBXFileReference section */
		182BC9C31BB59E1200DDBBA7 /* L11HelloIOS.app */ = {isa = PBXFileReference; explicitFileType = wrapper.application; includeInIndex = 0; path = L11HelloIOS.app; sourceTree = BUILT_PRODUCTS_DIR; };
		182BC9C71BB59E1200DDBBA7 /* Info.plist */ = {isa = PBXFileReference; lastKnownFileType = text.plist.xml; path = Info.plist; sourceTree = "<group>"; };
		182BC9C81BB59E1200DDBBA7 /* AppDelegate.swift */ = {isa = PBXFileReference; lastKnownFileType = sourcecode.swift; path = AppDelegate.swift; sourceTree = "<group>"; };
		182BC9CA1BB59E1200DDBBA7 /* ViewController.swift */ = {isa = PBXFileReference; lastKnownFileType = sourcecode.swift; path = ViewController.swift; sourceTree = "<group>"; };
		182BC9CD1BB59E1200DDBBA7 /* Base */ = {isa = PBXFileReference; lastKnownFileType = file.storyboard; name = Base; path = Base.lproj/Main.storyboard; sourceTree = "<group>"; };
		182BC9CF1BB59E1200DDBBA7 /* Images.xcassets */ = {isa = PBXFileReference; lastKnownFileType = folder.assetcatalog; path = Images.xcassets; sourceTree = "<group>"; };
		182BC9D21BB59E1200DDBBA7 /* Base */ = {isa = PBXFileReference; lastKnownFileType = file.xib; name = Base; path = Base.lproj/LaunchScreen.xib; sourceTree = "<group>"; };
		182BC9D81BB59E1200DDBBA7 /* L11HelloIOSTests.xctest */ = {isa = PBXFileReference; explicitFileType = wrapper.cfbundle; includeInIndex = 0; path = L11HelloIOSTests.xctest; sourceTree = BUILT_PRODUCTS_DIR; };
		182BC9DD1BB59E1200DDBBA7 /* Info.plist */ = {isa = PBXFileReference; lastKnownFileType = text.plist.xml; path = Info.plist; sourceTree = "<group>"; };
		182BC9DE1BB59E1200DDBBA7 /* L11HelloIOSTests.swift */ = {isa = PBXFileReference; lastKnownFileType = sourcecode.swift; path = L11HelloIOSTests.swift; sourceTree = "<group>"; };
/* End PBXFileReference section */

/* Begin PBXFrameworksBuildPhase section */
		182BC9C01BB59E1200DDBBA7 /* Frameworks */ = {
			isa = PBXFrameworksBuildPhase;
			buildActionMask = 2147483647;
			files = (
			);
			runOnlyForDeploymentPostprocessing = 0;
		};
		182BC9D51BB59E1200DDBBA7 /* Frameworks */ = {
			isa = PBXFrameworksBuildPhase;
			buildActionMask = 2147483647;
			files = (
			);
			runOnlyForDeploymentPostprocessing = 0;
		};
/* End PBXFrameworksBuildPhase section */

/* Begin PBXGroup section */
		182BC9BA1BB59E1200DDBBA7 = {
			isa = PBXGroup;
			children = (
				182BC9C51BB59E1200DDBBA7 /* L11HelloIOS */,
				182BC9DB1BB59E1200DDBBA7 /* L11HelloIOSTests */,
				182BC9C41BB59E1200DDBBA7 /* Products */,
			);
			sourceTree = "<group>";
		};
		182BC9C41BB59E1200DDBBA7 /* Products */ = {
			isa = PBXGroup;
			children = (
				182BC9C31BB59E1200DDBBA7 /* L11HelloIOS.app */,
				182BC9D81BB59E1200DDBBA7 /* L11HelloIOSTests.xctest */,
			);
			name = Products;
			sourceTree = "<group>";
		};
		182BC9C51BB59E1200DDBBA7 /* L11HelloIOS */ = {
			isa = PBXGroup;
			children = (
				182BC9C81BB59E1200DDBBA7 /* AppDelegate.swift */,
				182BC9CA1BB59E1200DDBBA7 /* ViewController.swift */,
				182BC9CC1BB59E1200DDBBA7 /* Main.storyboard */,
				182BC9CF1BB59E1200DDBBA7 /* Images.xcassets */,
				182BC9D11BB59E1200DDBBA7 /* LaunchScreen.xib */,
				182BC9C61BB59E1200DDBBA7 /* Supporting Files */,
			);
			path = L11HelloIOS;
			sourceTree = "<group>";
		};
		182BC9C61BB59E1200DDBBA7 /* Supporting Files */ = {
			isa = PBXGroup;
			children = (
				182BC9C71BB59E1200DDBBA7 /* Info.plist */,
			);
			name = "Supporting Files";
			sourceTree = "<group>";
		};
		182BC9DB1BB59E1200DDBBA7 /* L11HelloIOSTests */ = {
			isa = PBXGroup;
			children = (
				182BC9DE1BB59E1200DDBBA7 /* L11HelloIOSTests.swift */,
				182BC9DC1BB59E1200DDBBA7 /* Supporting Files */,
			);
			path = L11HelloIOSTests;
			sourceTree = "<group>";
		};
		182BC9DC1BB59E1200DDBBA7 /* Supporting Files */ = {
			isa = PBXGroup;
			children = (
				182BC9DD1BB59E1200DDBBA7 /* Info.plist */,
			);
			name = "Supporting Files";
			sourceTree = "<group>";
		};
/* End PBXGroup section */

/* Begin PBXNativeTarget section */
		182BC9C21BB59E1200DDBBA7 /* L11HelloIOS */ = {
			isa = PBXNativeTarget;
			buildConfigurationList = 182BC9E21BB59E1200DDBBA7 /* Build configuration list for PBXNativeTarget "L11HelloIOS" */;
			buildPhases = (
				182BC9BF1BB59E1200DDBBA7 /* Sources */,
				182BC9C01BB59E1200DDBBA7 /* Frameworks */,
				182BC9C11BB59E1200DDBBA7 /* Resources */,
			);
			buildRules = (
			);
			dependencies = (
			);
			name = L11HelloIOS;
			productName = L11HelloIOS;
			productReference = 182BC9C31BB59E1200DDBBA7 /* L11HelloIOS.app */;
			productType = "com.apple.product-type.application";
		};
		182BC9D71BB59E1200DDBBA7 /* L11HelloIOSTests */ = {
			isa = PBXNativeTarget;
			buildConfigurationList = 182BC9E51BB59E1200DDBBA7 /* Build configuration list for PBXNativeTarget "L11HelloIOSTests" */;
			buildPhases = (
				182BC9D41BB59E1200DDBBA7 /* Sources */,
				182BC9D51BB59E1200DDBBA7 /* Frameworks */,
				182BC9D61BB59E1200DDBBA7 /* Resources */,
			);
			buildRules = (
			);
			dependencies = (
				182BC9DA1BB59E1200DDBBA7 /* PBXTargetDependency */,
			);
			name = L11HelloIOSTests;
			productName = L11HelloIOSTests;
			productReference = 182BC9D81BB59E1200DDBBA7 /* L11HelloIOSTests.xctest */;
			productType = "com.apple.product-type.bundle.unit-test";
		};
/* End PBXNativeTarget section */

/* Begin PBXProject section */
		182BC9BB1BB59E1200DDBBA7 /* Project object */ = {
			isa = PBXProject;
			attributes = {
				LastUpgradeCheck = 0620;
				ORGANIZATIONNAME = figo;
				TargetAttributes = {
					182BC9C21BB59E1200DDBBA7 = {
						CreatedOnToolsVersion = 6.2;
					};
					182BC9D71BB59E1200DDBBA7 = {
						CreatedOnToolsVersion = 6.2;
						TestTargetID = 182BC9C21BB59E1200DDBBA7;
					};
				};
			};
			buildConfigurationList = 182BC9BE1BB59E1200DDBBA7 /* Build configuration list for PBXProject "L11HelloIOS" */;
			compatibilityVersion = "Xcode 3.2";
			developmentRegion = English;
			hasScannedForEncodings = 0;
			knownRegions = (
				en,
				Base,
			);
			mainGroup = 182BC9BA1BB59E1200DDBBA7;
			productRefGroup = 182BC9C41BB59E1200DDBBA7 /* Products */;
			projectDirPath = "";
			projectRoot = "";
			targets = (
				182BC9C21BB59E1200DDBBA7 /* L11HelloIOS */,
				182BC9D71BB59E1200DDBBA7 /* L11HelloIOSTests */,
			);
		};
/* End PBXProject section */

/* Begin PBXResourcesBuildPhase section */
		182BC9C11BB59E1200DDBBA7 /* Resources */ = {
			isa = PBXResourcesBuildPhase;
			buildActionMask = 2147483647;
			files = (
				182BC9CE1BB59E1200DDBBA7 /* Main.storyboard in Resources */,
				182BC9D31BB59E1200DDBBA7 /* LaunchScreen.xib in Resources */,
				182BC9D01BB59E1200DDBBA7 /* Images.xcassets in Resources */,
			);
			runOnlyForDeploymentPostprocessing = 0;
		};
		182BC9D61BB59E1200DDBBA7 /* Resources */ = {
			isa = PBXResourcesBuildPhase;
			buildActionMask = 2147483647;
			files = (
			);
			runOnlyForDeploymentPostprocessing = 0;
		};
/* End PBXResourcesBuildPhase section */

/* Begin PBXSourcesBuildPhase section */
		182BC9BF1BB59E1200DDBBA7 /* Sources */ = {
			isa = PBXSourcesBuildPhase;
			buildActionMask = 2147483647;
			files = (
				182BC9CB1BB59E1200DDBBA7 /* ViewController.swift in Sources */,
				182BC9C91BB59E1200DDBBA7 /* AppDelegate.swift in Sources */,
			);
			runOnlyForDeploymentPostprocessing = 0;
		};
		182BC9D41BB59E1200DDBBA7 /* Sources */ = {
			isa = PBXSourcesBuildPhase;
			buildActionMask = 2147483647;
			files = (
				182BC9DF1BB59E1200DDBBA7 /* L11HelloIOSTests.swift in Sources */,
			);
			runOnlyForDeploymentPostprocessing = 0;
		};
/* End PBXSourcesBuildPhase section */

/* Begin PBXTargetDependency section */
		182BC9DA1BB59E1200DDBBA7 /* PBXTargetDependency */ = {
			isa = PBXTargetDependency;
			target = 182BC9C21BB59E1200DDBBA7 /* L11HelloIOS */;
			targetProxy = 182BC9D91BB59E1200DDBBA7 /* PBXContainerItemProxy */;
		};
/* End PBXTargetDependency section */

/* Begin PBXVariantGroup section */
		182BC9CC1BB59E1200DDBBA7 /* Main.storyboard */ = {
			isa = PBXVariantGroup;
			children = (
				182BC9CD1BB59E1200DDBBA7 /* Base */,
			);
			name = Main.storyboard;
			sourceTree = "<group>";
		};
		182BC9D11BB59E1200DDBBA7 /* LaunchScreen.xib */ = {
			isa = PBXVariantGroup;
			children = (
				182BC9D21BB59E1200DDBBA7 /* Base */,
			);
			name = LaunchScreen.xib;
			sourceTree = "<group>";
		};
/* End PBXVariantGroup section */

/* Begin XCBuildConfiguration section */
		182BC9E01BB59E1200DDBBA7 /* Debug */ = {
			isa = XCBuildConfiguration;
			buildSettings = {
				ALWAYS_SEARCH_USER_PATHS = NO;
				CLANG_CXX_LANGUAGE_STANDARD = "gnu++0x";
				CLANG_CXX_LIBRARY = "libc++";
				CLANG_ENABLE_MODULES = YES;
				CLANG_ENABLE_OBJC_ARC = YES;
				CLANG_WARN_BOOL_CONVERSION = YES;
				CLANG_WARN_CONSTANT_CONVERSION = YES;
				CLANG_WARN_DIRECT_OBJC_ISA_USAGE = YES_ERROR;
				CLANG_WARN_EMPTY_BODY = YES;
				CLANG_WARN_ENUM_CONVERSION = YES;
				CLANG_WARN_INT_CONVERSION = YES;
				CLANG_WARN_OBJC_ROOT_CLASS = YES_ERROR;
				CLANG_WARN_UNREACHABLE_CODE = YES;
				CLANG_WARN__DUPLICATE_METHOD_MATCH = YES;
				"CODE_SIGN_IDENTITY[sdk=iphoneos*]" = "iPhone Developer";
				COPY_PHASE_STRIP = NO;
				ENABLE_STRICT_OBJC_MSGSEND = YES;
				GCC_C_LANGUAGE_STANDARD = gnu99;
				GCC_DYNAMIC_NO_PIC = NO;
				GCC_OPTIMIZATION_LEVEL = 0;
				GCC_PREPROCESSOR_DEFINITIONS = (
					"DEBUG=1",
					"$(inherited)",
				);
				GCC_SYMBOLS_PRIVATE_EXTERN = NO;
				GCC_WARN_64_TO_32_BIT_CONVERSION = YES;
				GCC_WARN_ABOUT_RETURN_TYPE = YES_ERROR;
				GCC_WARN_UNDECLARED_SELECTOR = YES;
				GCC_WARN_UNINITIALIZED_AUTOS = YES_AGGRESSIVE;
				GCC_WARN_UNUSED_FUNCTION = YES;
				GCC_WARN_UNUSED_VARIABLE = YES;
				IPHONEOS_DEPLOYMENT_TARGET = 8.2;
				MTL_ENABLE_DEBUG_INFO = YES;
				ONLY_ACTIVE_ARCH = YES;
				SDKROOT = iphoneos;
				SWIFT_OPTIMIZATION_LEVEL = "-Onone";
			};
			name = Debug;
		};
		182BC9E11BB59E1200DDBBA7 /* Release */ = {
			isa = XCBuildConfiguration;
			buildSettings = {
				ALWAYS_SEARCH_USER_PATHS = NO;
				CLANG_CXX_LANGUAGE_STANDARD = "gnu++0x";
				CLANG_CXX_LIBRARY = "libc++";
				CLANG_ENABLE_MODULES = YES;
				CLANG_ENABLE_OBJC_ARC = YES;
				CLANG_WARN_BOOL_CONVERSION = YES;
				CLANG_WARN_CONSTANT_CONVERSION = YES;
				CLANG_WARN_DIRECT_OBJC_ISA_USAGE = YES_ERROR;
				CLANG_WARN_EMPTY_BODY = YES;
				CLANG_WARN_ENUM_CONVERSION = YES;
				CLANG_WARN_INT_CONVERSION = YES;
				CLANG_WARN_OBJC_ROOT_CLASS = YES_ERROR;
				CLANG_WARN_UNREACHABLE_CODE = YES;
				CLANG_WARN__DUPLICATE_METHOD_MATCH = YES;
				"CODE_SIGN_IDENTITY[sdk=iphoneos*]" = "iPhone Developer";
				COPY_PHASE_STRIP = NO;
				ENABLE_NS_ASSERTIONS = NO;
				ENABLE_STRICT_OBJC_MSGSEND = YES;
				GCC_C_LANGUAGE_STANDARD = gnu99;
				GCC_WARN_64_TO_32_BIT_CONVERSION = YES;
				GCC_WARN_ABOUT_RETURN_TYPE = YES_ERROR;
				GCC_WARN_UNDECLARED_SELECTOR = YES;
				GCC_WARN_UNINITIALIZED_AUTOS = YES_AGGRESSIVE;
				GCC_WARN_UNUSED_FUNCTION = YES;
				GCC_WARN_UNUSED_VARIABLE = YES;
				IPHONEOS_DEPLOYMENT_TARGET = 8.2;
				MTL_ENABLE_DEBUG_INFO = NO;
				SDKROOT = iphoneos;
				VALIDATE_PRODUCT = YES;
			};
			name = Release;
		};
		182BC9E31BB59E1200DDBBA7 /* Debug */ = {
			isa = XCBuildConfiguration;
			buildSettings = {
				ASSETCATALOG_COMPILER_APPICON_NAME = AppIcon;
				INFOPLIST_FILE = L11HelloIOS/Info.plist;
				LD_RUNPATH_SEARCH_PATHS = "$(inherited) @executable_path/Frameworks";
				PRODUCT_NAME = "$(TARGET_NAME)";
			};
			name = Debug;
		};
		182BC9E41BB59E1200DDBBA7 /* Release */ = {
			isa = XCBuildConfiguration;
			buildSettings = {
				ASSETCATALOG_COMPILER_APPICON_NAME = AppIcon;
				INFOPLIST_FILE = L11HelloIOS/Info.plist;
				LD_RUNPATH_SEARCH_PATHS = "$(inherited) @executable_path/Frameworks";
				PRODUCT_NAME = "$(TARGET_NAME)";
			};
			name = Release;
		};
		182BC9E61BB59E1200DDBBA7 /* Debug */ = {
			isa = XCBuildConfiguration;
			buildSettings = {
				BUNDLE_LOADER = "$(TEST_HOST)";
				FRAMEWORK_SEARCH_PATHS = (
					"$(SDKROOT)/Developer/Library/Frameworks",
					"$(inherited)",
				);
				GCC_PREPROCESSOR_DEFINITIONS = (
					"DEBUG=1",
					"$(inherited)",
				);
				INFOPLIST_FILE = L11HelloIOSTests/Info.plist;
				LD_RUNPATH_SEARCH_PATHS = "$(inherited) @executable_path/Frameworks @loader_path/Frameworks";
				PRODUCT_NAME = "$(TARGET_NAME)";
				TEST_HOST = "$(BUILT_PRODUCTS_DIR)/L11HelloIOS.app/L11HelloIOS";
			};
			name = Debug;
		};
		182BC9E71BB59E1200DDBBA7 /* Release */ = {
			isa = XCBuildConfiguration;
			buildSettings = {
				BUNDLE_LOADER = "$(TEST_HOST)";
				FRAMEWORK_SEARCH_PATHS = (
					"$(SDKROOT)/Developer/Library/Frameworks",
					"$(inherited)",
				);
				INFOPLIST_FILE = L11HelloIOSTests/Info.plist;
				LD_RUNPATH_SEARCH_PATHS = "$(inherited) @executable_path/Frameworks @loader_path/Frameworks";
				PRODUCT_NAME = "$(TARGET_NAME)";
				TEST_HOST = "$(BUILT_PRODUCTS_DIR)/L11HelloIOS.app/L11HelloIOS";
			};
			name = Release;
		};
/* End XCBuildConfiguration section */

/* Begin XCConfigurationList section */
		182BC9BE1BB59E1200DDBBA7 /* Build configuration list for PBXProject "L11HelloIOS" */ = {
			isa = XCConfigurationList;
			buildConfigurations = (
				182BC9E01BB59E1200DDBBA7 /* Debug */,
				182BC9E11BB59E1200DDBBA7 /* Release */,
			);
			defaultConfigurationIsVisible = 0;
			defaultConfigurationName = Release;
		};
		182BC9E21BB59E1200DDBBA7 /* Build configuration list for PBXNativeTarget "L11HelloIOS" */ = {
			isa = XCConfigurationList;
			buildConfigurations = (
				182BC9E31BB59E1200DDBBA7 /* Debug */,
				182BC9E41BB59E1200DDBBA7 /* Release */,
			);
			defaultConfigurationIsVisible = 0;
		};
		182BC9E51BB59E1200DDBBA7 /* Build configuration list for PBXNativeTarget "L11HelloIOSTests" */ = {
			isa = XCConfigurationList;
			buildConfigurations = (
				182BC9E61BB59E1200DDBBA7 /* Debug */,
				182BC9E71BB59E1200DDBBA7 /* Release */,
			);
			defaultConfigurationIsVisible = 0;
		};
/* End XCConfigurationList section */
	};
	rootObject = 182BC9BB1BB59E1200DDBBA7 /* Project object */;
}
